
Microsoft Visual Studio Solution File, Format Version 12.00
# Visual Studio 2013
VisualStudioVersion = 12.0.31101.0
MinimumVisualStudioVersion = 10.0.40219.1
Project("{FAE04EC0-301F-11D3-BF4B-00C04F79EFBC}") = "RunToLive.Presentation", "src\RunToLive.Presentation\RunToLive.Presentation.csproj", "{11794E08-A847-41DD-9619-300C200BB60F}"
EndProject
Project("{FAE04EC0-301F-11D3-BF4B-00C04F79EFBC}") = "RunToLive.Domain", "src\RunToLive.Domain\RunToLive.Domain.csproj", "{C187509F-DE9D-4B00-85C4-EF863D3078DC}"
EndProject
Project("{FAE04EC0-301F-11D3-BF4B-00C04F79EFBC}") = "RunToLive.Infrastructure", "src\RunToLive.Infrastructure\RunToLive.Infrastructure.csproj", "{531DD62C-CF1A-4ED8-BB5A-DBF21AC9C405}"
EndProject
Project("{FAE04EC0-301F-11D3-BF4B-00C04F79EFBC}") = "RunToLive.Infrastructure.Repositories", "src\RunToLive.Infrastructure.Repository\RunToLive.Infrastructure.Repositories.csproj", "{8DD54677-CEFF-451E-B478-E2A9FE3DD93F}"
EndProject
Project("{FAE04EC0-301F-11D3-BF4B-00C04F79EFBC}") = "RunToLive.Presenters", "src\RunToLive.Presenters\RunToLive.Presenters.csproj", "{A8BC9D58-7AB6-40F5-B604-21FA9B60AC46}"
EndProject
Global
	GlobalSection(SolutionConfigurationPlatforms) = preSolution
		Debug|Any CPU = Debug|Any CPU
		Release|Any CPU = Release|Any CPU
	EndGlobalSection
	GlobalSection(ProjectConfigurationPlatforms) = postSolution
		{11794E08-A847-41DD-9619-300C200BB60F}.Debug|Any CPU.ActiveCfg = Debug|Any CPU
		{11794E08-A847-41DD-9619-300C200BB60F}.Debug|Any CPU.Build.0 = Debug|Any CPU
		{11794E08-A847-41DD-9619-300C200BB60F}.Release|Any CPU.ActiveCfg = Release|Any CPU
		{11794E08-A847-41DD-9619-300C200BB60F}.Release|Any CPU.Build.0 = Release|Any CPU
		{C187509F-DE9D-4B00-85C4-EF863D3078DC}.Debug|Any CPU.ActiveCfg = Debug|Any CPU
		{C187509F-DE9D-4B00-85C4-EF863D3078DC}.Debug|Any CPU.Build.0 = Debug|Any CPU
		{C187509F-DE9D-4B00-85C4-EF863D3078DC}.Release|Any CPU.ActiveCfg = Release|Any CPU
		{C187509F-DE9D-4B00-85C4-EF863D3078DC}.Release|Any CPU.Build.0 = Release|Any CPU
		{531DD62C-CF1A-4ED8-BB5A-DBF21AC9C405}.Debug|Any CPU.ActiveCfg = Debug|Any CPU
		{531DD62C-CF1A-4ED8-BB5A-DBF21AC9C405}.Debug|Any CPU.Build.0 = Debug|Any CPU
		{531DD62C-CF1A-4ED8-BB5A-DBF21AC9C405}.Release|Any CPU.ActiveCfg = Release|Any CPU
		{531DD62C-CF1A-4ED8-BB5A-DBF21AC9C405}.Release|Any CPU.Build.0 = Release|Any CPU
		{8DD54677-CEFF-451E-B478-E2A9FE3DD93F}.Debug|Any CPU.ActiveCfg = Debug|Any CPU
		{8DD54677-CEFF-451E-B478-E2A9FE3DD93F}.Debug|Any CPU.Build.0 = Debug|Any CPU
		{8DD54677-CEFF-451E-B478-E2A9FE3DD93F}.Release|Any CPU.ActiveCfg = Release|Any CPU
		{8DD54677-CEFF-451E-B478-E2A9FE3DD93F}.Release|Any CPU.Build.0 = Release|Any CPU
		{A8BC9D58-7AB6-40F5-B604-21FA9B60AC46}.Debug|Any CPU.ActiveCfg = Debug|Any CPU
		{A8BC9D58-7AB6-40F5-B604-21FA9B60AC46}.Debug|Any CPU.Build.0 = Debug|Any CPU
		{A8BC9D58-7AB6-40F5-B604-21FA9B60AC46}.Release|Any CPU.ActiveCfg = Release|Any CPU
		{A8BC9D58-7AB6-40F5-B604-21FA9B60AC46}.Release|Any CPU.Build.0 = Release|Any CPU
	EndGlobalSection
	GlobalSection(SolutionProperties) = preSolution
		HideSolutionNode = FALSE
	EndGlobalSection
EndGlobal
